// !$*UTF8*$!
{
	archiveVersion = 1;
	classes = {
	};
	objectVersion = 50;
	objects = {

/* Begin PBXBuildFile section */
		5700B26222DC946B00BF775F /* AppDelegate.swift in Sources */ = {isa = PBXBuildFile; fileRef = 5700B26122DC946B00BF775F /* AppDelegate.swift */; };
		5700B26422DC946B00BF775F /* ViewController.swift in Sources */ = {isa = PBXBuildFile; fileRef = 5700B26322DC946B00BF775F /* ViewController.swift */; };
		5700B26722DC946B00BF775F /* Main.storyboard in Resources */ = {isa = PBXBuildFile; fileRef = 5700B26522DC946B00BF775F /* Main.storyboard */; };
		5700B26922DC946E00BF775F /* Assets.xcassets in Resources */ = {isa = PBXBuildFile; fileRef = 5700B26822DC946E00BF775F /* Assets.xcassets */; };
		5700B26C22DC946E00BF775F /* LaunchScreen.storyboard in Resources */ = {isa = PBXBuildFile; fileRef = 5700B26A22DC946E00BF775F /* LaunchScreen.storyboard */; };
		5700B27422DE1D6300BF775F /* Sublayers.swift in Sources */ = {isa = PBXBuildFile; fileRef = 5700B27322DE1D6300BF775F /* Sublayers.swift */; };
		57FF792822E5CB4800618F04 /* CubeView.swift in Sources */ = {isa = PBXBuildFile; fileRef = 57FF792722E5CB4800618F04 /* CubeView.swift */; };
		57FF792A22E5F7B300618F04 /* Array+Indices.swift in Sources */ = {isa = PBXBuildFile; fileRef = 57FF792922E5F7B300618F04 /* Array+Indices.swift */; };
		57FF792D22E771C600618F04 /* AnimatableFlowerView.swift in Sources */ = {isa = PBXBuildFile; fileRef = 57FF792C22E771C600618F04 /* AnimatableFlowerView.swift */; };
/* End PBXBuildFile section */

/* Begin PBXFileReference section */
		5700B25E22DC946B00BF775F /* Circles.app */ = {isa = PBXFileReference; explicitFileType = wrapper.application; includeInIndex = 0; path = Circles.app; sourceTree = BUILT_PRODUCTS_DIR; };
		5700B26122DC946B00BF775F /* AppDelegate.swift */ = {isa = PBXFileReference; lastKnownFileType = sourcecode.swift; path = AppDelegate.swift; sourceTree = "<group>"; };
		5700B26322DC946B00BF775F /* ViewController.swift */ = {isa = PBXFileReference; lastKnownFileType = sourcecode.swift; path = ViewController.swift; sourceTree = "<group>"; };
		5700B26622DC946B00BF775F /* Base */ = {isa = PBXFileReference; lastKnownFileType = file.storyboard; name = Base; path = Base.lproj/Main.storyboard; sourceTree = "<group>"; };
		5700B26822DC946E00BF775F /* Assets.xcassets */ = {isa = PBXFileReference; lastKnownFileType = folder.assetcatalog; path = Assets.xcassets; sourceTree = "<group>"; };
		5700B26B22DC946E00BF775F /* Base */ = {isa = PBXFileReference; lastKnownFileType = file.storyboard; name = Base; path = Base.lproj/LaunchScreen.storyboard; sourceTree = "<group>"; };
		5700B26D22DC946E00BF775F /* Info.plist */ = {isa = PBXFileReference; lastKnownFileType = text.plist.xml; path = Info.plist; sourceTree = "<group>"; };
		5700B27322DE1D6300BF775F /* Sublayers.swift */ = {isa = PBXFileReference; lastKnownFileType = sourcecode.swift; path = Sublayers.swift; sourceTree = "<group>"; };
		57FF792722E5CB4800618F04 /* CubeView.swift */ = {isa = PBXFileReference; lastKnownFileType = sourcecode.swift; path = CubeView.swift; sourceTree = "<group>"; };
		57FF792922E5F7B300618F04 /* Array+Indices.swift */ = {isa = PBXFileReference; lastKnownFileType = sourcecode.swift; path = "Array+Indices.swift"; sourceTree = "<group>"; };
		57FF792C22E771C600618F04 /* AnimatableFlowerView.swift */ = {isa = PBXFileReference; lastKnownFileType = sourcecode.swift; path = AnimatableFlowerView.swift; sourceTree = "<group>"; };
/* End PBXFileReference section */

/* Begin PBXFrameworksBuildPhase section */
		5700B25B22DC946B00BF775F /* Frameworks */ = {
			isa = PBXFrameworksBuildPhase;
			buildActionMask = 2147483647;
			files = (
			);
			runOnlyForDeploymentPostprocessing = 0;
		};
/* End PBXFrameworksBuildPhase section */

/* Begin PBXGroup section */
		5700B25522DC946B00BF775F = {
			isa = PBXGroup;
			children = (
				5700B26022DC946B00BF775F /* Circles */,
				5700B25F22DC946B00BF775F /* Products */,
			);
			sourceTree = "<group>";
		};
		5700B25F22DC946B00BF775F /* Products */ = {
			isa = PBXGroup;
			children = (
				5700B25E22DC946B00BF775F /* Circles.app */,
			);
			name = Products;
			sourceTree = "<group>";
		};
		5700B26022DC946B00BF775F /* Circles */ = {
			isa = PBXGroup;
			children = (
				5700B26122DC946B00BF775F /* AppDelegate.swift */,
				5700B26322DC946B00BF775F /* ViewController.swift */,
				57FF792E22E771D600618F04 /* Base */,
				5700B26522DC946B00BF775F /* Main.storyboard */,
				57FF792F22E771E300618F04 /* Supporting Files */,
				57FF792B22E7691300618F04 /* Extensions */,
			);
			path = Circles;
			sourceTree = "<group>";
		};
		57FF792B22E7691300618F04 /* Extensions */ = {
			isa = PBXGroup;
			children = (
				57FF792922E5F7B300618F04 /* Array+Indices.swift */,
			);
			path = Extensions;
			sourceTree = "<group>";
		};
		57FF792E22E771D600618F04 /* Base */ = {
			isa = PBXGroup;
			children = (
				57FF792C22E771C600618F04 /* AnimatableFlowerView.swift */,
				57FF792722E5CB4800618F04 /* CubeView.swift */,
				5700B27322DE1D6300BF775F /* Sublayers.swift */,
			);
			path = Base;
			sourceTree = "<group>";
		};
		57FF792F22E771E300618F04 /* Supporting Files */ = {
			isa = PBXGroup;
			children = (
				5700B26822DC946E00BF775F /* Assets.xcassets */,
				5700B26A22DC946E00BF775F /* LaunchScreen.storyboard */,
				5700B26D22DC946E00BF775F /* Info.plist */,
			);
			path = "Supporting Files";
			sourceTree = "<group>";
		};
/* End PBXGroup section */

/* Begin PBXNativeTarget section */
		5700B25D22DC946B00BF775F /* Circles */ = {
			isa = PBXNativeTarget;
			buildConfigurationList = 5700B27022DC946E00BF775F /* Build configuration list for PBXNativeTarget "Circles" */;
			buildPhases = (
				5700B25A22DC946B00BF775F /* Sources */,
				5700B25B22DC946B00BF775F /* Frameworks */,
				5700B25C22DC946B00BF775F /* Resources */,
			);
			buildRules = (
			);
			dependencies = (
			);
			name = Circles;
			productName = Circles;
			productReference = 5700B25E22DC946B00BF775F /* Circles.app */;
			productType = "com.apple.product-type.application";
		};
/* End PBXNativeTarget section */

/* Begin PBXProject section */
		5700B25622DC946B00BF775F /* Project object */ = {
			isa = PBXProject;
			attributes = {
				LastSwiftUpdateCheck = 1020;
				LastUpgradeCheck = 1020;
				ORGANIZATIONNAME = "Anastasia Kapinos";
				TargetAttributes = {
					5700B25D22DC946B00BF775F = {
						CreatedOnToolsVersion = 10.2;
					};
				};
			};
			buildConfigurationList = 5700B25922DC946B00BF775F /* Build configuration list for PBXProject "Circles" */;
			compatibilityVersion = "Xcode 9.3";
			developmentRegion = en;
			hasScannedForEncodings = 0;
			knownRegions = (
				en,
				Base,
			);
			mainGroup = 5700B25522DC946B00BF775F;
			productRefGroup = 5700B25F22DC946B00BF775F /* Products */;
			projectDirPath = "";
			projectRoot = "";
			targets = (
				5700B25D22DC946B00BF775F /* Circles */,
			);
		};
/* End PBXProject section */

/* Begin PBXResourcesBuildPhase section */
		5700B25C22DC946B00BF775F /* Resources */ = {
			isa = PBXResourcesBuildPhase;
			buildActionMask = 2147483647;
			files = (
				5700B26C22DC946E00BF775F /* LaunchScreen.storyboard in Resources */,
				5700B26922DC946E00BF775F /* Assets.xcassets in Resources */,
				5700B26722DC946B00BF775F /* Main.storyboard in Resources */,
			);
			runOnlyForDeploymentPostprocessing = 0;
		};
/* End PBXResourcesBuildPhase section */

/* Begin PBXSourcesBuildPhase section */
		5700B25A22DC946B00BF775F /* Sources */ = {
			isa = PBXSourcesBuildPhase;
			buildActionMask = 2147483647;
			files = (
				5700B26422DC946B00BF775F /* ViewController.swift in Sources */,
				57FF792A22E5F7B300618F04 /* Array+Indices.swift in Sources */,
				5700B27422DE1D6300BF775F /* Sublayers.swift in Sources */,
				57FF792D22E771C600618F04 /* AnimatableFlowerView.swift in Sources */,
				5700B26222DC946B00BF775F /* AppDelegate.swift in Sources */,
				57FF792822E5CB4800618F04 /* CubeView.swift in Sources */,
			);
			runOnlyForDeploymentPostprocessing = 0;
		};
/* End PBXSourcesBuildPhase section */

/* Begin PBXVariantGroup section */
		5700B26522DC946B00BF775F /* Main.storyboard */ = {
			isa = PBXVariantGroup;
			children = (
				5700B26622DC946B00BF775F /* Base */,
			);
			name = Main.storyboard;
			sourceTree = "<group>";
		};
		5700B26A22DC946E00BF775F /* LaunchScreen.storyboard */ = {
			isa = PBXVariantGroup;
			children = (
				5700B26B22DC946E00BF775F /* Base */,
			);
			name = LaunchScreen.storyboard;
			sourceTree = "<group>";
		};
/* End PBXVariantGroup section */

/* Begin XCBuildConfiguration section */
		5700B26E22DC946E00BF775F /* Debug */ = {
			isa = XCBuildConfiguration;
			buildSettings = {
				ALWAYS_SEARCH_USER_PATHS = NO;
				CLANG_ANALYZER_NONNULL = YES;
				CLANG_ANALYZER_NUMBER_OBJECT_CONVERSION = YES_AGGRESSIVE;
				CLANG_CXX_LANGUAGE_STANDARD = "gnu++14";
				CLANG_CXX_LIBRARY = "libc++";
				CLANG_ENABLE_MODULES = YES;
				CLANG_ENABLE_OBJC_ARC = YES;
				CLANG_ENABLE_OBJC_WEAK = YES;
				CLANG_WARN_BLOCK_CAPTURE_AUTORELEASING = YES;
				CLANG_WARN_BOOL_CONVERSION = YES;
				CLANG_WARN_COMMA = YES;
				CLANG_WARN_CONSTANT_CONVERSION = YES;
				CLANG_WARN_DEPRECATED_OBJC_IMPLEMENTATIONS = YES;
				CLANG_WARN_DIRECT_OBJC_ISA_USAGE = YES_ERROR;
				CLANG_WARN_DOCUMENTATION_COMMENTS = YES;
				CLANG_WARN_EMPTY_BODY = YES;
				CLANG_WARN_ENUM_CONVERSION = YES;
				CLANG_WARN_INFINITE_RECURSION = YES;
				CLANG_WARN_INT_CONVERSION = YES;
				CLANG_WARN_NON_LITERAL_NULL_CONVERSION = YES;
				CLANG_WARN_OBJC_IMPLICIT_RETAIN_SELF = YES;
				CLANG_WARN_OBJC_LITERAL_CONVERSION = YES;
				CLANG_WARN_OBJC_ROOT_CLASS = YES_ERROR;
				CLANG_WARN_RANGE_LOOP_ANALYSIS = YES;
				CLANG_WARN_STRICT_PROTOTYPES = YES;
				CLANG_WARN_SUSPICIOUS_MOVE = YES;
				CLANG_WARN_UNGUARDED_AVAILABILITY = YES_AGGRESSIVE;
				CLANG_WARN_UNREACHABLE_CODE = YES;
				CLANG_WARN__DUPLICATE_METHOD_MATCH = YES;
				CODE_SIGN_IDENTITY = "iPhone Developer";
				COPY_PHASE_STRIP = NO;
				DEBUG_INFORMATION_FORMAT = dwarf;
				ENABLE_STRICT_OBJC_MSGSEND = YES;
				ENABLE_TESTABILITY = YES;
				GCC_C_LANGUAGE_STANDARD = gnu11;
				GCC_DYNAMIC_NO_PIC = NO;
				GCC_NO_COMMON_BLOCKS = YES;
				GCC_OPTIMIZATION_LEVEL = 0;
				GCC_PREPROCESSOR_DEFINITIONS = (
					"DEBUG=1",
					"$(inherited)",
				);
				GCC_WARN_64_TO_32_BIT_CONVERSION = YES;
				GCC_WARN_ABOUT_RETURN_TYPE = YES_ERROR;
				GCC_WARN_UNDECLARED_SELECTOR = YES;
				GCC_WARN_UNINITIALIZED_AUTOS = YES_AGGRESSIVE;
				GCC_WARN_UNUSED_FUNCTION = YES;
				GCC_WARN_UNUSED_VARIABLE = YES;
				IPHONEOS_DEPLOYMENT_TARGET = 12.2;
				MTL_ENABLE_DEBUG_INFO = INCLUDE_SOURCE;
				MTL_FAST_MATH = YES;
				ONLY_ACTIVE_ARCH = YES;
				SDKROOT = iphoneos;
				SWIFT_ACTIVE_COMPILATION_CONDITIONS = DEBUG;
				SWIFT_OPTIMIZATION_LEVEL = "-Onone";
			};
			name = Debug;
		};
		5700B26F22DC946E00BF775F /* Release */ = {
			isa = XCBuildConfiguration;
			buildSettings = {
				ALWAYS_SEARCH_USER_PATHS = NO;
				CLANG_ANALYZER_NONNULL = YES;
				CLANG_ANALYZER_NUMBER_OBJECT_CONVERSION = YES_AGGRESSIVE;
				CLANG_CXX_LANGUAGE_STANDARD = "gnu++14";
				CLANG_CXX_LIBRARY = "libc++";
				CLANG_ENABLE_MODULES = YES;
				CLANG_ENABLE_OBJC_ARC = YES;
				CLANG_ENABLE_OBJC_WEAK = YES;
				CLANG_WARN_BLOCK_CAPTURE_AUTORELEASING = YES;
				CLANG_WARN_BOOL_CONVERSION = YES;
				CLANG_WARN_COMMA = YES;
				CLANG_WARN_CONSTANT_CONVERSION = YES;
				CLANG_WARN_DEPRECATED_OBJC_IMPLEMENTATIONS = YES;
				CLANG_WARN_DIRECT_OBJC_ISA_USAGE = YES_ERROR;
				CLANG_WARN_DOCUMENTATION_COMMENTS = YES;
				CLANG_WARN_EMPTY_BODY = YES;
				CLANG_WARN_ENUM_CONVERSION = YES;
				CLANG_WARN_INFINITE_RECURSION = YES;
				CLANG_WARN_INT_CONVERSION = YES;
				CLANG_WARN_NON_LITERAL_NULL_CONVERSION = YES;
				CLANG_WARN_OBJC_IMPLICIT_RETAIN_SELF = YES;
				CLANG_WARN_OBJC_LITERAL_CONVERSION = YES;
				CLANG_WARN_OBJC_ROOT_CLASS = YES_ERROR;
				CLANG_WARN_RANGE_LOOP_ANALYSIS = YES;
				CLANG_WARN_STRICT_PROTOTYPES = YES;
				CLANG_WARN_SUSPICIOUS_MOVE = YES;
				CLANG_WARN_UNGUARDED_AVAILABILITY = YES_AGGRESSIVE;
				CLANG_WARN_UNREACHABLE_CODE = YES;
				CLANG_WARN__DUPLICATE_METHOD_MATCH = YES;
				CODE_SIGN_IDENTITY = "iPhone Developer";
				COPY_PHASE_STRIP = NO;
				DEBUG_INFORMATION_FORMAT = "dwarf-with-dsym";
				ENABLE_NS_ASSERTIONS = NO;
				ENABLE_STRICT_OBJC_MSGSEND = YES;
				GCC_C_LANGUAGE_STANDARD = gnu11;
				GCC_NO_COMMON_BLOCKS = YES;
				GCC_WARN_64_TO_32_BIT_CONVERSION = YES;
				GCC_WARN_ABOUT_RETURN_TYPE = YES_ERROR;
				GCC_WARN_UNDECLARED_SELECTOR = YES;
				GCC_WARN_UNINITIALIZED_AUTOS = YES_AGGRESSIVE;
				GCC_WARN_UNUSED_FUNCTION = YES;
				GCC_WARN_UNUSED_VARIABLE = YES;
				IPHONEOS_DEPLOYMENT_TARGET = 12.2;
				MTL_ENABLE_DEBUG_INFO = NO;
				MTL_FAST_MATH = YES;
				SDKROOT = iphoneos;
				SWIFT_COMPILATION_MODE = wholemodule;
				SWIFT_OPTIMIZATION_LEVEL = "-O";
				VALIDATE_PRODUCT = YES;
			};
			name = Release;
		};
		5700B27122DC946E00BF775F /* Debug */ = {
			isa = XCBuildConfiguration;
			buildSettings = {
				ASSETCATALOG_COMPILER_APPICON_NAME = AppIcon;
				CODE_SIGN_STYLE = Automatic;
				DEVELOPMENT_TEAM = G9UHR5NE37;
				INFOPLIST_FILE = "$(SRCROOT)/Circles/Supporting Files/Info.plist";
				LD_RUNPATH_SEARCH_PATHS = (
					"$(inherited)",
					"@executable_path/Frameworks",
				);
				PRODUCT_BUNDLE_IDENTIFIER = ankis.Circles;
				PRODUCT_NAME = "$(TARGET_NAME)";
				SWIFT_VERSION = 5.0;
				TARGETED_DEVICE_FAMILY = "1,2";
			};
			name = Debug;
		};
		5700B27222DC946E00BF775F /* Release */ = {
			isa = XCBuildConfiguration;
			buildSettings = {
				ASSETCATALOG_COMPILER_APPICON_NAME = AppIcon;
				CODE_SIGN_STYLE = Automatic;
				DEVELOPMENT_TEAM = G9UHR5NE37;
				INFOPLIST_FILE = "$(SRCROOT)/Circles/Supporting Files/Info.plist";
				LD_RUNPATH_SEARCH_PATHS = (
					"$(inherited)",
					"@executable_path/Frameworks",
				);
				PRODUCT_BUNDLE_IDENTIFIER = ankis.Circles;
				PRODUCT_NAME = "$(TARGET_NAME)";
				SWIFT_VERSION = 5.0;
				TARGETED_DEVICE_FAMILY = "1,2";
			};
			name = Release;
		};
/* End XCBuildConfiguration section */

/* Begin XCConfigurationList section */
		5700B25922DC946B00BF775F /* Build configuration list for PBXProject "Circles" */ = {
			isa = XCConfigurationList;
			buildConfigurations = (
				5700B26E22DC946E00BF775F /* Debug */,
				5700B26F22DC946E00BF775F /* Release */,
			);
			defaultConfigurationIsVisible = 0;
			defaultConfigurationName = Release;
		};
		5700B27022DC946E00BF775F /* Build configuration list for PBXNativeTarget "Circles" */ = {
			isa = XCConfigurationList;
			buildConfigurations = (
				5700B27122DC946E00BF775F /* Debug */,
				5700B27222DC946E00BF775F /* Release */,
			);
			defaultConfigurationIsVisible = 0;
			defaultConfigurationName = Release;
		};
/* End XCConfigurationList section */
	};
	rootObject = 5700B25622DC946B00BF775F /* Project object */;
}
